{"1.1.0",
[{<<"floki">>,{pkg,<<"floki">>,<<"0.23.0">>},0},
 {<<"html_entities">>,{pkg,<<"html_entities">>,<<"0.4.0">>},1}]}.
[
{pkg_hash,[
 {<<"floki">>, <<"956AB6DBA828C96E732454809FB0BD8D43CE0979B75F34DE6322E73D4C917829">>},
 {<<"html_entities">>, <<"F2FEE876858CF6AAA9DB608820A3209E45A087C5177332799592142B50E89A6B">>}]}
].
